
Microsoft Visual Studio Solution File, Format Version 12.00
# Visual Studio 15
VisualStudioVersion = 15.0.27130.2003
MinimumVisualStudioVersion = 10.0.40219.1
Project("{F184B08F-C81C-45F6-A57F-5ABD9991F28F}") = "CLS_Merge", "CLS_Merge\CLS_Merge.vbproj", "{1DF6BDDD-909E-4F62-986B-2871F15DC783}"
EndProject
Global
	GlobalSection(SolutionConfigurationPlatforms) = preSolution
		Debug|Any CPU = Debug|Any CPU
		Release|Any CPU = Release|Any CPU
	EndGlobalSection
	GlobalSection(ProjectConfigurationPlatforms) = postSolution
		{1DF6BDDD-909E-4F62-986B-2871F15DC783}.Debug|Any CPU.ActiveCfg = Debug|Any CPU
		{1DF6BDDD-909E-4F62-986B-2871F15DC783}.Debug|Any CPU.Build.0 = Debug|Any CPU
		{1DF6BDDD-909E-4F62-986B-2871F15DC783}.Release|Any CPU.ActiveCfg = Release|Any CPU
		{1DF6BDDD-909E-4F62-986B-2871F15DC783}.Release|Any CPU.Build.0 = Release|Any CPU
	EndGlobalSection
	GlobalSection(SolutionProperties) = preSolution
		HideSolutionNode = FALSE
	EndGlobalSection
	GlobalSection(ExtensibilityGlobals) = postSolution
		SolutionGuid = {5FCAC496-4BFA-404E-8C26-32B2EDC3E522}
	EndGlobalSection
EndGlobal
